// !$*UTF8*$!
{
	archiveVersion = 1;
	classes = {
	};
	objectVersion = 46;
	objects = {

/* Begin PBXBuildFile section */
		BA84E6D71B938FAF0053421B /* main.m in Sources */ = {isa = PBXBuildFile; fileRef = BA84E6D61B938FAF0053421B /* main.m */; };
		BA84E6DA1B938FAF0053421B /* AppDelegate.m in Sources */ = {isa = PBXBuildFile; fileRef = BA84E6D91B938FAF0053421B /* AppDelegate.m */; };
		BA84E6DD1B938FAF0053421B /* ViewController.m in Sources */ = {isa = PBXBuildFile; fileRef = BA84E6DC1B938FAF0053421B /* ViewController.m */; };
		BA84E6E01B938FAF0053421B /* Main.storyboard in Resources */ = {isa = PBXBuildFile; fileRef = BA84E6DE1B938FAF0053421B /* Main.storyboard */; };
		BA84E6E21B938FAF0053421B /* Images.xcassets in Resources */ = {isa = PBXBuildFile; fileRef = BA84E6E11B938FAF0053421B /* Images.xcassets */; };
		BA84E6E51B938FAF0053421B /* LaunchScreen.xib in Resources */ = {isa = PBXBuildFile; fileRef = BA84E6E31B938FAF0053421B /* LaunchScreen.xib */; };
		BA84E6F11B938FAF0053421B /* CircleButtonExampleTests.m in Sources */ = {isa = PBXBuildFile; fileRef = BA84E6F01B938FAF0053421B /* CircleButtonExampleTests.m */; };
		BA84E7001B9390190053421B /* MGCircleButton.m in Sources */ = {isa = PBXBuildFile; fileRef = BA84E6FF1B9390190053421B /* MGCircleButton.m */; };
		BA84E7011B9390190053421B /* MGCircleButton.m in Sources */ = {isa = PBXBuildFile; fileRef = BA84E6FF1B9390190053421B /* MGCircleButton.m */; };
/* End PBXBuildFile section */

/* Begin PBXContainerItemProxy section */
		BA84E6EB1B938FAF0053421B /* PBXContainerItemProxy */ = {
			isa = PBXContainerItemProxy;
			containerPortal = BA84E6C91B938FAF0053421B /* Project object */;
			proxyType = 1;
			remoteGlobalIDString = BA84E6D01B938FAF0053421B;
			remoteInfo = CircleButtonExample;
		};
/* End PBXContainerItemProxy section */

/* Begin PBXFileReference section */
		BA84E6D11B938FAF0053421B /* CircleButtonExample.app */ = {isa = PBXFileReference; explicitFileType = wrapper.application; includeInIndex = 0; path = CircleButtonExample.app; sourceTree = BUILT_PRODUCTS_DIR; };
		BA84E6D51B938FAF0053421B /* Info.plist */ = {isa = PBXFileReference; lastKnownFileType = text.plist.xml; path = Info.plist; sourceTree = "<group>"; };
		BA84E6D61B938FAF0053421B /* main.m */ = {isa = PBXFileReference; lastKnownFileType = sourcecode.c.objc; path = main.m; sourceTree = "<group>"; };
		BA84E6D81B938FAF0053421B /* AppDelegate.h */ = {isa = PBXFileReference; lastKnownFileType = sourcecode.c.h; path = AppDelegate.h; sourceTree = "<group>"; };
		BA84E6D91B938FAF0053421B /* AppDelegate.m */ = {isa = PBXFileReference; lastKnownFileType = sourcecode.c.objc; path = AppDelegate.m; sourceTree = "<group>"; };
		BA84E6DB1B938FAF0053421B /* ViewController.h */ = {isa = PBXFileReference; lastKnownFileType = sourcecode.c.h; path = ViewController.h; sourceTree = "<group>"; };
		BA84E6DC1B938FAF0053421B /* ViewController.m */ = {isa = PBXFileReference; lastKnownFileType = sourcecode.c.objc; path = ViewController.m; sourceTree = "<group>"; };
		BA84E6DF1B938FAF0053421B /* Base */ = {isa = PBXFileReference; lastKnownFileType = file.storyboard; name = Base; path = Base.lproj/Main.storyboard; sourceTree = "<group>"; };
		BA84E6E11B938FAF0053421B /* Images.xcassets */ = {isa = PBXFileReference; lastKnownFileType = folder.assetcatalog; path = Images.xcassets; sourceTree = "<group>"; };
		BA84E6E41B938FAF0053421B /* Base */ = {isa = PBXFileReference; lastKnownFileType = file.xib; name = Base; path = Base.lproj/LaunchScreen.xib; sourceTree = "<group>"; };
		BA84E6EA1B938FAF0053421B /* CircleButtonExampleTests.xctest */ = {isa = PBXFileReference; explicitFileType = wrapper.cfbundle; includeInIndex = 0; path = CircleButtonExampleTests.xctest; sourceTree = BUILT_PRODUCTS_DIR; };
		BA84E6EF1B938FAF0053421B /* Info.plist */ = {isa = PBXFileReference; lastKnownFileType = text.plist.xml; path = Info.plist; sourceTree = "<group>"; };
		BA84E6F01B938FAF0053421B /* CircleButtonExampleTests.m */ = {isa = PBXFileReference; lastKnownFileType = sourcecode.c.objc; path = CircleButtonExampleTests.m; sourceTree = "<group>"; };
		BA84E6FE1B9390190053421B /* MGCircleButton.h */ = {isa = PBXFileReference; fileEncoding = 4; lastKnownFileType = sourcecode.c.h; name = MGCircleButton.h; path = ../../CircleButton/MGCircleButton.h; sourceTree = "<group>"; };
		BA84E6FF1B9390190053421B /* MGCircleButton.m */ = {isa = PBXFileReference; fileEncoding = 4; lastKnownFileType = sourcecode.c.objc; name = MGCircleButton.m; path = ../../CircleButton/MGCircleButton.m; sourceTree = "<group>"; };
/* End PBXFileReference section */

/* Begin PBXFrameworksBuildPhase section */
		BA84E6CE1B938FAF0053421B /* Frameworks */ = {
			isa = PBXFrameworksBuildPhase;
			buildActionMask = 2147483647;
			files = (
			);
			runOnlyForDeploymentPostprocessing = 0;
		};
		BA84E6E71B938FAF0053421B /* Frameworks */ = {
			isa = PBXFrameworksBuildPhase;
			buildActionMask = 2147483647;
			files = (
			);
			runOnlyForDeploymentPostprocessing = 0;
		};
/* End PBXFrameworksBuildPhase section */

/* Begin PBXGroup section */
		BA84E6C81B938FAF0053421B = {
			isa = PBXGroup;
			children = (
				BA84E6D31B938FAF0053421B /* CircleButtonExample */,
				BA84E6ED1B938FAF0053421B /* CircleButtonExampleTests */,
				BA84E6D21B938FAF0053421B /* Products */,
			);
			sourceTree = "<group>";
		};
		BA84E6D21B938FAF0053421B /* Products */ = {
			isa = PBXGroup;
			children = (
				BA84E6D11B938FAF0053421B /* CircleButtonExample.app */,
				BA84E6EA1B938FAF0053421B /* CircleButtonExampleTests.xctest */,
			);
			name = Products;
			sourceTree = "<group>";
		};
		BA84E6D31B938FAF0053421B /* CircleButtonExample */ = {
			isa = PBXGroup;
			children = (
				BA84E6D81B938FAF0053421B /* AppDelegate.h */,
				BA84E6D91B938FAF0053421B /* AppDelegate.m */,
				BA84E6DB1B938FAF0053421B /* ViewController.h */,
				BA84E6DC1B938FAF0053421B /* ViewController.m */,
				BA84E6FE1B9390190053421B /* MGCircleButton.h */,
				BA84E6FF1B9390190053421B /* MGCircleButton.m */,
				BA84E6DE1B938FAF0053421B /* Main.storyboard */,
				BA84E6E11B938FAF0053421B /* Images.xcassets */,
				BA84E6E31B938FAF0053421B /* LaunchScreen.xib */,
				BA84E6D41B938FAF0053421B /* Supporting Files */,
			);
			path = CircleButtonExample;
			sourceTree = "<group>";
		};
		BA84E6D41B938FAF0053421B /* Supporting Files */ = {
			isa = PBXGroup;
			children = (
				BA84E6D51B938FAF0053421B /* Info.plist */,
				BA84E6D61B938FAF0053421B /* main.m */,
			);
			name = "Supporting Files";
			sourceTree = "<group>";
		};
		BA84E6ED1B938FAF0053421B /* CircleButtonExampleTests */ = {
			isa = PBXGroup;
			children = (
				BA84E6F01B938FAF0053421B /* CircleButtonExampleTests.m */,
				BA84E6EE1B938FAF0053421B /* Supporting Files */,
			);
			path = CircleButtonExampleTests;
			sourceTree = "<group>";
		};
		BA84E6EE1B938FAF0053421B /* Supporting Files */ = {
			isa = PBXGroup;
			children = (
				BA84E6EF1B938FAF0053421B /* Info.plist */,
			);
			name = "Supporting Files";
			sourceTree = "<group>";
		};
/* End PBXGroup section */

/* Begin PBXNativeTarget section */
		BA84E6D01B938FAF0053421B /* CircleButtonExample */ = {
			isa = PBXNativeTarget;
			buildConfigurationList = BA84E6F41B938FAF0053421B /* Build configuration list for PBXNativeTarget "CircleButtonExample" */;
			buildPhases = (
				BA84E6CD1B938FAF0053421B /* Sources */,
				BA84E6CE1B938FAF0053421B /* Frameworks */,
				BA84E6CF1B938FAF0053421B /* Resources */,
			);
			buildRules = (
			);
			dependencies = (
			);
			name = CircleButtonExample;
			productName = CircleButtonExample;
			productReference = BA84E6D11B938FAF0053421B /* CircleButtonExample.app */;
			productType = "com.apple.product-type.application";
		};
		BA84E6E91B938FAF0053421B /* CircleButtonExampleTests */ = {
			isa = PBXNativeTarget;
			buildConfigurationList = BA84E6F71B938FAF0053421B /* Build configuration list for PBXNativeTarget "CircleButtonExampleTests" */;
			buildPhases = (
				BA84E6E61B938FAF0053421B /* Sources */,
				BA84E6E71B938FAF0053421B /* Frameworks */,
				BA84E6E81B938FAF0053421B /* Resources */,
			);
			buildRules = (
			);
			dependencies = (
				BA84E6EC1B938FAF0053421B /* PBXTargetDependency */,
			);
			name = CircleButtonExampleTests;
			productName = CircleButtonExampleTests;
			productReference = BA84E6EA1B938FAF0053421B /* CircleButtonExampleTests.xctest */;
			productType = "com.apple.product-type.bundle.unit-test";
		};
/* End PBXNativeTarget section */

/* Begin PBXProject section */
		BA84E6C91B938FAF0053421B /* Project object */ = {
			isa = PBXProject;
			attributes = {
				LastUpgradeCheck = 0640;
				ORGANIZATIONNAME = VitaliyGozhenko;
				TargetAttributes = {
					BA84E6D01B938FAF0053421B = {
						CreatedOnToolsVersion = 6.4;
					};
					BA84E6E91B938FAF0053421B = {
						CreatedOnToolsVersion = 6.4;
						TestTargetID = BA84E6D01B938FAF0053421B;
					};
				};
			};
			buildConfigurationList = BA84E6CC1B938FAF0053421B /* Build configuration list for PBXProject "CircleButtonExample" */;
			compatibilityVersion = "Xcode 3.2";
			developmentRegion = English;
			hasScannedForEncodings = 0;
			knownRegions = (
				en,
				Base,
			);
			mainGroup = BA84E6C81B938FAF0053421B;
			productRefGroup = BA84E6D21B938FAF0053421B /* Products */;
			projectDirPath = "";
			projectRoot = "";
			targets = (
				BA84E6D01B938FAF0053421B /* CircleButtonExample */,
				BA84E6E91B938FAF0053421B /* CircleButtonExampleTests */,
			);
		};
/* End PBXProject section */

/* Begin PBXResourcesBuildPhase section */
		BA84E6CF1B938FAF0053421B /* Resources */ = {
			isa = PBXResourcesBuildPhase;
			buildActionMask = 2147483647;
			files = (
				BA84E6E01B938FAF0053421B /* Main.storyboard in Resources */,
				BA84E6E51B938FAF0053421B /* LaunchScreen.xib in Resources */,
				BA84E6E21B938FAF0053421B /* Images.xcassets in Resources */,
			);
			runOnlyForDeploymentPostprocessing = 0;
		};
		BA84E6E81B938FAF0053421B /* Resources */ = {
			isa = PBXResourcesBuildPhase;
			buildActionMask = 2147483647;
			files = (
			);
			runOnlyForDeploymentPostprocessing = 0;
		};
/* End PBXResourcesBuildPhase section */

/* Begin PBXSourcesBuildPhase section */
		BA84E6CD1B938FAF0053421B /* Sources */ = {
			isa = PBXSourcesBuildPhase;
			buildActionMask = 2147483647;
			files = (
				BA84E6DD1B938FAF0053421B /* ViewController.m in Sources */,
				BA84E6DA1B938FAF0053421B /* AppDelegate.m in Sources */,
				BA84E6D71B938FAF0053421B /* main.m in Sources */,
				BA84E7001B9390190053421B /* MGCircleButton.m in Sources */,
			);
			runOnlyForDeploymentPostprocessing = 0;
		};
		BA84E6E61B938FAF0053421B /* Sources */ = {
			isa = PBXSourcesBuildPhase;
			buildActionMask = 2147483647;
			files = (
				BA84E6F11B938FAF0053421B /* CircleButtonExampleTests.m in Sources */,
				BA84E7011B9390190053421B /* MGCircleButton.m in Sources */,
			);
			runOnlyForDeploymentPostprocessing = 0;
		};
/* End PBXSourcesBuildPhase section */

/* Begin PBXTargetDependency section */
		BA84E6EC1B938FAF0053421B /* PBXTargetDependency */ = {
			isa = PBXTargetDependency;
			target = BA84E6D01B938FAF0053421B /* CircleButtonExample */;
			targetProxy = BA84E6EB1B938FAF0053421B /* PBXContainerItemProxy */;
		};
/* End PBXTargetDependency section */

/* Begin PBXVariantGroup section */
		BA84E6DE1B938FAF0053421B /* Main.storyboard */ = {
			isa = PBXVariantGroup;
			children = (
				BA84E6DF1B938FAF0053421B /* Base */,
			);
			name = Main.storyboard;
			sourceTree = "<group>";
		};
		BA84E6E31B938FAF0053421B /* LaunchScreen.xib */ = {
			isa = PBXVariantGroup;
			children = (
				BA84E6E41B938FAF0053421B /* Base */,
			);
			name = LaunchScreen.xib;
			sourceTree = "<group>";
		};
/* End PBXVariantGroup section */

/* Begin XCBuildConfiguration section */
		BA84E6F21B938FAF0053421B /* Debug */ = {
			isa = XCBuildConfiguration;
			buildSettings = {
				ALWAYS_SEARCH_USER_PATHS = NO;
				CLANG_CXX_LANGUAGE_STANDARD = "gnu++0x";
				CLANG_CXX_LIBRARY = "libc++";
				CLANG_ENABLE_MODULES = YES;
				CLANG_ENABLE_OBJC_ARC = YES;
				CLANG_WARN_BOOL_CONVERSION = YES;
				CLANG_WARN_CONSTANT_CONVERSION = YES;
				CLANG_WARN_DIRECT_OBJC_ISA_USAGE = YES_ERROR;
				CLANG_WARN_EMPTY_BODY = YES;
				CLANG_WARN_ENUM_CONVERSION = YES;
				CLANG_WARN_INT_CONVERSION = YES;
				CLANG_WARN_OBJC_ROOT_CLASS = YES_ERROR;
				CLANG_WARN_UNREACHABLE_CODE = YES;
				CLANG_WARN__DUPLICATE_METHOD_MATCH = YES;
				"CODE_SIGN_IDENTITY[sdk=iphoneos*]" = "iPhone Developer";
				COPY_PHASE_STRIP = NO;
				DEBUG_INFORMATION_FORMAT = "dwarf-with-dsym";
				ENABLE_STRICT_OBJC_MSGSEND = YES;
				GCC_C_LANGUAGE_STANDARD = gnu99;
				GCC_DYNAMIC_NO_PIC = NO;
				GCC_NO_COMMON_BLOCKS = YES;
				GCC_OPTIMIZATION_LEVEL = 0;
				GCC_PREPROCESSOR_DEFINITIONS = (
					"DEBUG=1",
					"$(inherited)",
				);
				GCC_SYMBOLS_PRIVATE_EXTERN = NO;
				GCC_WARN_64_TO_32_BIT_CONVERSION = YES;
				GCC_WARN_ABOUT_RETURN_TYPE = YES_ERROR;
				GCC_WARN_UNDECLARED_SELECTOR = YES;
				GCC_WARN_UNINITIALIZED_AUTOS = YES_AGGRESSIVE;
				GCC_WARN_UNUSED_FUNCTION = YES;
				GCC_WARN_UNUSED_VARIABLE = YES;
				IPHONEOS_DEPLOYMENT_TARGET = 8.4;
				MTL_ENABLE_DEBUG_INFO = YES;
				ONLY_ACTIVE_ARCH = YES;
				SDKROOT = iphoneos;
			};
			name = Debug;
		};
		BA84E6F31B938FAF0053421B /* Release */ = {
			isa = XCBuildConfiguration;
			buildSettings = {
				ALWAYS_SEARCH_USER_PATHS = NO;
				CLANG_CXX_LANGUAGE_STANDARD = "gnu++0x";
				CLANG_CXX_LIBRARY = "libc++";
				CLANG_ENABLE_MODULES = YES;
				CLANG_ENABLE_OBJC_ARC = YES;
				CLANG_WARN_BOOL_CONVERSION = YES;
				CLANG_WARN_CONSTANT_CONVERSION = YES;
				CLANG_WARN_DIRECT_OBJC_ISA_USAGE = YES_ERROR;
				CLANG_WARN_EMPTY_BODY = YES;
				CLANG_WARN_ENUM_CONVERSION = YES;
				CLANG_WARN_INT_CONVERSION = YES;
				CLANG_WARN_OBJC_ROOT_CLASS = YES_ERROR;
				CLANG_WARN_UNREACHABLE_CODE = YES;
				CLANG_WARN__DUPLICATE_METHOD_MATCH = YES;
				"CODE_SIGN_IDENTITY[sdk=iphoneos*]" = "iPhone Developer";
				COPY_PHASE_STRIP = NO;
				DEBUG_INFORMATION_FORMAT = "dwarf-with-dsym";
				ENABLE_NS_ASSERTIONS = NO;
				ENABLE_STRICT_OBJC_MSGSEND = YES;
				GCC_C_LANGUAGE_STANDARD = gnu99;
				GCC_NO_COMMON_BLOCKS = YES;
				GCC_WARN_64_TO_32_BIT_CONVERSION = YES;
				GCC_WARN_ABOUT_RETURN_TYPE = YES_ERROR;
				GCC_WARN_UNDECLARED_SELECTOR = YES;
				GCC_WARN_UNINITIALIZED_AUTOS = YES_AGGRESSIVE;
				GCC_WARN_UNUSED_FUNCTION = YES;
				GCC_WARN_UNUSED_VARIABLE = YES;
				IPHONEOS_DEPLOYMENT_TARGET = 8.4;
				MTL_ENABLE_DEBUG_INFO = NO;
				SDKROOT = iphoneos;
				VALIDATE_PRODUCT = YES;
			};
			name = Release;
		};
		BA84E6F51B938FAF0053421B /* Debug */ = {
			isa = XCBuildConfiguration;
			buildSettings = {
				ASSETCATALOG_COMPILER_APPICON_NAME = AppIcon;
				INFOPLIST_FILE = CircleButtonExample/Info.plist;
				LD_RUNPATH_SEARCH_PATHS = "$(inherited) @executable_path/Frameworks";
				PRODUCT_NAME = "$(TARGET_NAME)";
			};
			name = Debug;
		};
		BA84E6F61B938FAF0053421B /* Release */ = {
			isa = XCBuildConfiguration;
			buildSettings = {
				ASSETCATALOG_COMPILER_APPICON_NAME = AppIcon;
				INFOPLIST_FILE = CircleButtonExample/Info.plist;
				LD_RUNPATH_SEARCH_PATHS = "$(inherited) @executable_path/Frameworks";
				PRODUCT_NAME = "$(TARGET_NAME)";
			};
			name = Release;
		};
		BA84E6F81B938FAF0053421B /* Debug */ = {
			isa = XCBuildConfiguration;
			buildSettings = {
				BUNDLE_LOADER = "$(TEST_HOST)";
				FRAMEWORK_SEARCH_PATHS = (
					"$(SDKROOT)/Developer/Library/Frameworks",
					"$(inherited)",
				);
				GCC_PREPROCESSOR_DEFINITIONS = (
					"DEBUG=1",
					"$(inherited)",
				);
				INFOPLIST_FILE = CircleButtonExampleTests/Info.plist;
				LD_RUNPATH_SEARCH_PATHS = "$(inherited) @executable_path/Frameworks @loader_path/Frameworks";
				PRODUCT_NAME = "$(TARGET_NAME)";
				TEST_HOST = "$(BUILT_PRODUCTS_DIR)/CircleButtonExample.app/CircleButtonExample";
			};
			name = Debug;
		};
		BA84E6F91B938FAF0053421B /* Release */ = {
			isa = XCBuildConfiguration;
			buildSettings = {
				BUNDLE_LOADER = "$(TEST_HOST)";
				FRAMEWORK_SEARCH_PATHS = (
					"$(SDKROOT)/Developer/Library/Frameworks",
					"$(inherited)",
				);
				INFOPLIST_FILE = CircleButtonExampleTests/Info.plist;
				LD_RUNPATH_SEARCH_PATHS = "$(inherited) @executable_path/Frameworks @loader_path/Frameworks";
				PRODUCT_NAME = "$(TARGET_NAME)";
				TEST_HOST = "$(BUILT_PRODUCTS_DIR)/CircleButtonExample.app/CircleButtonExample";
			};
			name = Release;
		};
/* End XCBuildConfiguration section */

/* Begin XCConfigurationList section */
		BA84E6CC1B938FAF0053421B /* Build configuration list for PBXProject "CircleButtonExample" */ = {
			isa = XCConfigurationList;
			buildConfigurations = (
				BA84E6F21B938FAF0053421B /* Debug */,
				BA84E6F31B938FAF0053421B /* Release */,
			);
			defaultConfigurationIsVisible = 0;
			defaultConfigurationName = Release;
		};
		BA84E6F41B938FAF0053421B /* Build configuration list for PBXNativeTarget "CircleButtonExample" */ = {
			isa = XCConfigurationList;
			buildConfigurations = (
				BA84E6F51B938FAF0053421B /* Debug */,
				BA84E6F61B938FAF0053421B /* Release */,
			);
			defaultConfigurationIsVisible = 0;
		};
		BA84E6F71B938FAF0053421B /* Build configuration list for PBXNativeTarget "CircleButtonExampleTests" */ = {
			isa = XCConfigurationList;
			buildConfigurations = (
				BA84E6F81B938FAF0053421B /* Debug */,
				BA84E6F91B938FAF0053421B /* Release */,
			);
			defaultConfigurationIsVisible = 0;
		};
/* End XCConfigurationList section */
	};
	rootObject = BA84E6C91B938FAF0053421B /* Project object */;
}
